
Microsoft Visual Studio Solution File, Format Version 12.00
# Visual Studio 15
VisualStudioVersion = 15.0.28307.1000
MinimumVisualStudioVersion = 10.0.40219.1
Project("{FAE04EC0-301F-11D3-BF4B-00C04F79EFBC}") = "ExtWebAPIV10", "ExtWebAPIV10\ExtWebAPIV10.csproj", "{C6AEC6F7-C232-4A4B-A5DA-65A8E7EC16F0}"
EndProject
Global
	GlobalSection(SolutionConfigurationPlatforms) = preSolution
		Debug|Any CPU = Debug|Any CPU
		Release|Any CPU = Release|Any CPU
	EndGlobalSection
	GlobalSection(ProjectConfigurationPlatforms) = postSolution
		{C6AEC6F7-C232-4A4B-A5DA-65A8E7EC16F0}.Debug|Any CPU.ActiveCfg = Debug|Any CPU
		{C6AEC6F7-C232-4A4B-A5DA-65A8E7EC16F0}.Debug|Any CPU.Build.0 = Debug|Any CPU
		{C6AEC6F7-C232-4A4B-A5DA-65A8E7EC16F0}.Release|Any CPU.ActiveCfg = Release|Any CPU
		{C6AEC6F7-C232-4A4B-A5DA-65A8E7EC16F0}.Release|Any CPU.Build.0 = Release|Any CPU
	EndGlobalSection
	GlobalSection(SolutionProperties) = preSolution
		HideSolutionNode = FALSE
	EndGlobalSection
	GlobalSection(ExtensibilityGlobals) = postSolution
		SolutionGuid = {CFEACD9E-922E-41A2-B6B9-8F1183DD3C49}
	EndGlobalSection
EndGlobal
